// !$*UTF8*$!
{
	archiveVersion = 1;
	classes = {
	};
	objectVersion = 51;
	objects = {

/* Begin PBXBuildFile section */
		5512334083661EBD909D147C /* Pods_ToDoWheel.framework in Frameworks */ = {isa = PBXBuildFile; fileRef = DFEF26EC5B8E6F97EB05B3D8 /* Pods_ToDoWheel.framework */; };
		AC4E2C99245FCD75007F7AE4 /* SpokeViewController.swift in Sources */ = {isa = PBXBuildFile; fileRef = AC4E2C98245FCD75007F7AE4 /* SpokeViewController.swift */; };
		ACA7CF902467B67F00E7BDCA /* CloudKit.framework in Frameworks */ = {isa = PBXBuildFile; fileRef = ACA7CF8F2467B67F00E7BDCA /* CloudKit.framework */; };
		ACC43CED245902B300F89122 /* AppDelegate.swift in Sources */ = {isa = PBXBuildFile; fileRef = ACC43CEC245902B300F89122 /* AppDelegate.swift */; };
		ACC43CEF245902B300F89122 /* SceneDelegate.swift in Sources */ = {isa = PBXBuildFile; fileRef = ACC43CEE245902B300F89122 /* SceneDelegate.swift */; };
		ACC43CF1245902B300F89122 /* ItemViewController.swift in Sources */ = {isa = PBXBuildFile; fileRef = ACC43CF0245902B300F89122 /* ItemViewController.swift */; };
		ACC43CF4245902B300F89122 /* Main.storyboard in Resources */ = {isa = PBXBuildFile; fileRef = ACC43CF2245902B300F89122 /* Main.storyboard */; };
		ACC43CF7245902B300F89122 /* ToDoWheel.xcdatamodeld in Sources */ = {isa = PBXBuildFile; fileRef = ACC43CF5245902B300F89122 /* ToDoWheel.xcdatamodeld */; };
		ACC43CF9245902DC00F89122 /* Assets.xcassets in Resources */ = {isa = PBXBuildFile; fileRef = ACC43CF8245902DC00F89122 /* Assets.xcassets */; };
		ACC43CFC245902DC00F89122 /* LaunchScreen.storyboard in Resources */ = {isa = PBXBuildFile; fileRef = ACC43CFA245902DC00F89122 /* LaunchScreen.storyboard */; };
		ACC43D0B245947CD00F89122 /* CategoryViewController.swift in Sources */ = {isa = PBXBuildFile; fileRef = ACC43D0A245947CD00F89122 /* CategoryViewController.swift */; };
/* End PBXBuildFile section */

/* Begin PBXFileReference section */
		1E013C6C03E0FBA9C437A0D8 /* Pods-ToDoWheel.release.xcconfig */ = {isa = PBXFileReference; includeInIndex = 1; lastKnownFileType = text.xcconfig; name = "Pods-ToDoWheel.release.xcconfig"; path = "Target Support Files/Pods-ToDoWheel/Pods-ToDoWheel.release.xcconfig"; sourceTree = "<group>"; };
		AC4E2C98245FCD75007F7AE4 /* SpokeViewController.swift */ = {isa = PBXFileReference; lastKnownFileType = sourcecode.swift; name = SpokeViewController.swift; path = ToDoWheel/View/SpokeViewController.swift; sourceTree = SOURCE_ROOT; };
		ACA7CF8E2467B66500E7BDCA /* ToDoWheelRelease.entitlements */ = {isa = PBXFileReference; lastKnownFileType = text.plist.entitlements; path = ToDoWheelRelease.entitlements; sourceTree = "<group>"; };
		ACA7CF8F2467B67F00E7BDCA /* CloudKit.framework */ = {isa = PBXFileReference; lastKnownFileType = wrapper.framework; name = CloudKit.framework; path = System/Library/Frameworks/CloudKit.framework; sourceTree = SDKROOT; };
		ACC43CE9245902B300F89122 /* ToDoWheel.app */ = {isa = PBXFileReference; explicitFileType = wrapper.application; includeInIndex = 0; path = ToDoWheel.app; sourceTree = BUILT_PRODUCTS_DIR; };
		ACC43CEC245902B300F89122 /* AppDelegate.swift */ = {isa = PBXFileReference; lastKnownFileType = sourcecode.swift; path = AppDelegate.swift; sourceTree = "<group>"; };
		ACC43CEE245902B300F89122 /* SceneDelegate.swift */ = {isa = PBXFileReference; lastKnownFileType = sourcecode.swift; path = SceneDelegate.swift; sourceTree = "<group>"; };
		ACC43CF0245902B300F89122 /* ItemViewController.swift */ = {isa = PBXFileReference; lastKnownFileType = sourcecode.swift; path = ItemViewController.swift; sourceTree = "<group>"; };
		ACC43CF3245902B300F89122 /* Base */ = {isa = PBXFileReference; lastKnownFileType = file.storyboard; name = Base; path = Base.lproj/Main.storyboard; sourceTree = "<group>"; };
		ACC43CF6245902B300F89122 /* ToDoWheel.xcdatamodel */ = {isa = PBXFileReference; lastKnownFileType = wrapper.xcdatamodel; path = ToDoWheel.xcdatamodel; sourceTree = "<group>"; };
		ACC43CF8245902DC00F89122 /* Assets.xcassets */ = {isa = PBXFileReference; lastKnownFileType = folder.assetcatalog; path = Assets.xcassets; sourceTree = "<group>"; };
		ACC43CFB245902DC00F89122 /* Base */ = {isa = PBXFileReference; lastKnownFileType = file.storyboard; name = Base; path = Base.lproj/LaunchScreen.storyboard; sourceTree = "<group>"; };
		ACC43CFD245902DC00F89122 /* Info.plist */ = {isa = PBXFileReference; lastKnownFileType = text.plist.xml; path = Info.plist; sourceTree = "<group>"; };
		ACC43D0A245947CD00F89122 /* CategoryViewController.swift */ = {isa = PBXFileReference; lastKnownFileType = sourcecode.swift; name = CategoryViewController.swift; path = ToDoWheel/Controller/CategoryViewController.swift; sourceTree = SOURCE_ROOT; };
		DFEF26EC5B8E6F97EB05B3D8 /* Pods_ToDoWheel.framework */ = {isa = PBXFileReference; explicitFileType = wrapper.framework; includeInIndex = 0; path = Pods_ToDoWheel.framework; sourceTree = BUILT_PRODUCTS_DIR; };
		E72434D51572DB23BE4D848C /* Pods-ToDoWheel.debug.xcconfig */ = {isa = PBXFileReference; includeInIndex = 1; lastKnownFileType = text.xcconfig; name = "Pods-ToDoWheel.debug.xcconfig"; path = "Target Support Files/Pods-ToDoWheel/Pods-ToDoWheel.debug.xcconfig"; sourceTree = "<group>"; };
/* End PBXFileReference section */

/* Begin PBXFrameworksBuildPhase section */
		ACC43CE6245902B300F89122 /* Frameworks */ = {
			isa = PBXFrameworksBuildPhase;
			buildActionMask = 2147483647;
			files = (
				5512334083661EBD909D147C /* Pods_ToDoWheel.framework in Frameworks */,
				ACA7CF902467B67F00E7BDCA /* CloudKit.framework in Frameworks */,
			);
			runOnlyForDeploymentPostprocessing = 0;
		};
/* End PBXFrameworksBuildPhase section */

/* Begin PBXGroup section */
		1C1E72E4D22B66A2F90DD897 /* Pods */ = {
			isa = PBXGroup;
			children = (
				E72434D51572DB23BE4D848C /* Pods-ToDoWheel.debug.xcconfig */,
				1E013C6C03E0FBA9C437A0D8 /* Pods-ToDoWheel.release.xcconfig */,
			);
			path = Pods;
			sourceTree = "<group>";
		};
		69129C4CBAC9E8EFD5FA92A8 /* Frameworks */ = {
			isa = PBXGroup;
			children = (
				ACA7CF8F2467B67F00E7BDCA /* CloudKit.framework */,
				DFEF26EC5B8E6F97EB05B3D8 /* Pods_ToDoWheel.framework */,
			);
			name = Frameworks;
			sourceTree = "<group>";
		};
		ACC43CE0245902B200F89122 = {
			isa = PBXGroup;
			children = (
				ACC43CEB245902B300F89122 /* ToDoWheel */,
				ACC43CEA245902B300F89122 /* Products */,
				1C1E72E4D22B66A2F90DD897 /* Pods */,
				69129C4CBAC9E8EFD5FA92A8 /* Frameworks */,
			);
			sourceTree = "<group>";
		};
		ACC43CEA245902B300F89122 /* Products */ = {
			isa = PBXGroup;
			children = (
				ACC43CE9245902B300F89122 /* ToDoWheel.app */,
			);
			name = Products;
			sourceTree = "<group>";
		};
		ACC43CEB245902B300F89122 /* ToDoWheel */ = {
			isa = PBXGroup;
			children = (
				ACA7CF8E2467B66500E7BDCA /* ToDoWheelRelease.entitlements */,
				ACC43CEE245902B300F89122 /* SceneDelegate.swift */,
				ACC43CEC245902B300F89122 /* AppDelegate.swift */,
				ACC43D072459297400F89122 /* Controller */,
				ACC43D062459295700F89122 /* View */,
				ACC43D052459294000F89122 /* Model */,
				ACC43CF8245902DC00F89122 /* Assets.xcassets */,
				ACC43CFA245902DC00F89122 /* LaunchScreen.storyboard */,
				ACC43CFD245902DC00F89122 /* Info.plist */,
			);
			path = ToDoWheel;
			sourceTree = "<group>";
		};
		ACC43D052459294000F89122 /* Model */ = {
			isa = PBXGroup;
			children = (
				ACC43CF5245902B300F89122 /* ToDoWheel.xcdatamodeld */,
			);
			path = Model;
			sourceTree = "<group>";
		};
		ACC43D062459295700F89122 /* View */ = {
			isa = PBXGroup;
			children = (
				ACC43CF2245902B300F89122 /* Main.storyboard */,
			);
			path = View;
			sourceTree = "<group>";
		};
		ACC43D072459297400F89122 /* Controller */ = {
			isa = PBXGroup;
			children = (
				AC4E2C98245FCD75007F7AE4 /* SpokeViewController.swift */,
				ACC43D0A245947CD00F89122 /* CategoryViewController.swift */,
				ACC43CF0245902B300F89122 /* ItemViewController.swift */,
			);
			path = Controller;
			sourceTree = "<group>";
		};
/* End PBXGroup section */

/* Begin PBXNativeTarget section */
		ACC43CE8245902B300F89122 /* ToDoWheel */ = {
			isa = PBXNativeTarget;
			buildConfigurationList = ACC43D00245902DC00F89122 /* Build configuration list for PBXNativeTarget "ToDoWheel" */;
			buildPhases = (
				C16728CD9699A10A08633E4B /* [CP] Check Pods Manifest.lock */,
				ACC43CE5245902B300F89122 /* Sources */,
				ACC43CE6245902B300F89122 /* Frameworks */,
				ACC43CE7245902B300F89122 /* Resources */,
				201B72791AAAA643A1F63879 /* [CP] Embed Pods Frameworks */,
			);
			buildRules = (
			);
			dependencies = (
			);
			name = ToDoWheel;
			productName = ToDoWheel;
			productReference = ACC43CE9245902B300F89122 /* ToDoWheel.app */;
			productType = "com.apple.product-type.application";
		};
/* End PBXNativeTarget section */

/* Begin PBXProject section */
		ACC43CE1245902B200F89122 /* Project object */ = {
			isa = PBXProject;
			attributes = {
				LastSwiftUpdateCheck = 1140;
				LastUpgradeCheck = 1140;
				ORGANIZATIONNAME = "William Gunnells";
				TargetAttributes = {
					ACC43CE8245902B300F89122 = {
						CreatedOnToolsVersion = 11.4;
					};
				};
			};
			buildConfigurationList = ACC43CE4245902B200F89122 /* Build configuration list for PBXProject "ToDoWheel" */;
			compatibilityVersion = "Xcode 9.3";
			developmentRegion = en;
			hasScannedForEncodings = 0;
			knownRegions = (
				en,
				Base,
			);
			mainGroup = ACC43CE0245902B200F89122;
			productRefGroup = ACC43CEA245902B300F89122 /* Products */;
			projectDirPath = "";
			projectRoot = "";
			targets = (
				ACC43CE8245902B300F89122 /* ToDoWheel */,
			);
		};
/* End PBXProject section */

/* Begin PBXResourcesBuildPhase section */
		ACC43CE7245902B300F89122 /* Resources */ = {
			isa = PBXResourcesBuildPhase;
			buildActionMask = 2147483647;
			files = (
				ACC43CFC245902DC00F89122 /* LaunchScreen.storyboard in Resources */,
				ACC43CF9245902DC00F89122 /* Assets.xcassets in Resources */,
				ACC43CF4245902B300F89122 /* Main.storyboard in Resources */,
			);
			runOnlyForDeploymentPostprocessing = 0;
		};
/* End PBXResourcesBuildPhase section */

/* Begin PBXShellScriptBuildPhase section */
		201B72791AAAA643A1F63879 /* [CP] Embed Pods Frameworks */ = {
			isa = PBXShellScriptBuildPhase;
			buildActionMask = 2147483647;
			files = (
			);
			inputFileListPaths = (
				"${PODS_ROOT}/Target Support Files/Pods-ToDoWheel/Pods-ToDoWheel-frameworks-${CONFIGURATION}-input-files.xcfilelist",
			);
			name = "[CP] Embed Pods Frameworks";
			outputFileListPaths = (
				"${PODS_ROOT}/Target Support Files/Pods-ToDoWheel/Pods-ToDoWheel-frameworks-${CONFIGURATION}-output-files.xcfilelist",
			);
			runOnlyForDeploymentPostprocessing = 0;
			shellPath = /bin/sh;
			shellScript = "\"${PODS_ROOT}/Target Support Files/Pods-ToDoWheel/Pods-ToDoWheel-frameworks.sh\"\n";
			showEnvVarsInLog = 0;
		};
		C16728CD9699A10A08633E4B /* [CP] Check Pods Manifest.lock */ = {
			isa = PBXShellScriptBuildPhase;
			buildActionMask = 2147483647;
			files = (
			);
			inputFileListPaths = (
			);
			inputPaths = (
				"${PODS_PODFILE_DIR_PATH}/Podfile.lock",
				"${PODS_ROOT}/Manifest.lock",
			);
			name = "[CP] Check Pods Manifest.lock";
			outputFileListPaths = (
			);
			outputPaths = (
				"$(DERIVED_FILE_DIR)/Pods-ToDoWheel-checkManifestLockResult.txt",
			);
			runOnlyForDeploymentPostprocessing = 0;
			shellPath = /bin/sh;
			shellScript = "diff \"${PODS_PODFILE_DIR_PATH}/Podfile.lock\" \"${PODS_ROOT}/Manifest.lock\" > /dev/null\nif [ $? != 0 ] ; then\n    # print error to STDERR\n    echo \"error: The sandbox is not in sync with the Podfile.lock. Run 'pod install' or update your CocoaPods installation.\" >&2\n    exit 1\nfi\n# This output is used by Xcode 'outputs' to avoid re-running this script phase.\necho \"SUCCESS\" > \"${SCRIPT_OUTPUT_FILE_0}\"\n";
			showEnvVarsInLog = 0;
		};
/* End PBXShellScriptBuildPhase section */

/* Begin PBXSourcesBuildPhase section */
		ACC43CE5245902B300F89122 /* Sources */ = {
			isa = PBXSourcesBuildPhase;
			buildActionMask = 2147483647;
			files = (
				ACC43D0B245947CD00F89122 /* CategoryViewController.swift in Sources */,
				AC4E2C99245FCD75007F7AE4 /* SpokeViewController.swift in Sources */,
				ACC43CF1245902B300F89122 /* ItemViewController.swift in Sources */,
				ACC43CF7245902B300F89122 /* ToDoWheel.xcdatamodeld in Sources */,
				ACC43CED245902B300F89122 /* AppDelegate.swift in Sources */,
				ACC43CEF245902B300F89122 /* SceneDelegate.swift in Sources */,
			);
			runOnlyForDeploymentPostprocessing = 0;
		};
/* End PBXSourcesBuildPhase section */

/* Begin PBXVariantGroup section */
		ACC43CF2245902B300F89122 /* Main.storyboard */ = {
			isa = PBXVariantGroup;
			children = (
				ACC43CF3245902B300F89122 /* Base */,
			);
			name = Main.storyboard;
			sourceTree = "<group>";
		};
		ACC43CFA245902DC00F89122 /* LaunchScreen.storyboard */ = {
			isa = PBXVariantGroup;
			children = (
				ACC43CFB245902DC00F89122 /* Base */,
			);
			name = LaunchScreen.storyboard;
			sourceTree = "<group>";
		};
/* End PBXVariantGroup section */

/* Begin XCBuildConfiguration section */
		ACC43CFE245902DC00F89122 /* Debug */ = {
			isa = XCBuildConfiguration;
			buildSettings = {
				ALWAYS_SEARCH_USER_PATHS = NO;
				CLANG_ANALYZER_NONNULL = YES;
				CLANG_ANALYZER_NUMBER_OBJECT_CONVERSION = YES_AGGRESSIVE;
				CLANG_CXX_LANGUAGE_STANDARD = "gnu++14";
				CLANG_CXX_LIBRARY = "libc++";
				CLANG_ENABLE_MODULES = YES;
				CLANG_ENABLE_OBJC_ARC = YES;
				CLANG_ENABLE_OBJC_WEAK = YES;
				CLANG_WARN_BLOCK_CAPTURE_AUTORELEASING = YES;
				CLANG_WARN_BOOL_CONVERSION = YES;
				CLANG_WARN_COMMA = YES;
				CLANG_WARN_CONSTANT_CONVERSION = YES;
				CLANG_WARN_DEPRECATED_OBJC_IMPLEMENTATIONS = YES;
				CLANG_WARN_DIRECT_OBJC_ISA_USAGE = YES_ERROR;
				CLANG_WARN_DOCUMENTATION_COMMENTS = YES;
				CLANG_WARN_EMPTY_BODY = YES;
				CLANG_WARN_ENUM_CONVERSION = YES;
				CLANG_WARN_INFINITE_RECURSION = YES;
				CLANG_WARN_INT_CONVERSION = YES;
				CLANG_WARN_NON_LITERAL_NULL_CONVERSION = YES;
				CLANG_WARN_OBJC_IMPLICIT_RETAIN_SELF = YES;
				CLANG_WARN_OBJC_LITERAL_CONVERSION = YES;
				CLANG_WARN_OBJC_ROOT_CLASS = YES_ERROR;
				CLANG_WARN_RANGE_LOOP_ANALYSIS = YES;
				CLANG_WARN_STRICT_PROTOTYPES = YES;
				CLANG_WARN_SUSPICIOUS_MOVE = YES;
				CLANG_WARN_UNGUARDED_AVAILABILITY = YES_AGGRESSIVE;
				CLANG_WARN_UNREACHABLE_CODE = YES;
				CLANG_WARN__DUPLICATE_METHOD_MATCH = YES;
				COPY_PHASE_STRIP = NO;
				DEBUG_INFORMATION_FORMAT = dwarf;
				ENABLE_STRICT_OBJC_MSGSEND = YES;
				ENABLE_TESTABILITY = YES;
				GCC_C_LANGUAGE_STANDARD = gnu11;
				GCC_DYNAMIC_NO_PIC = NO;
				GCC_NO_COMMON_BLOCKS = YES;
				GCC_OPTIMIZATION_LEVEL = 0;
				GCC_PREPROCESSOR_DEFINITIONS = (
					"DEBUG=1",
					"$(inherited)",
				);
				GCC_WARN_64_TO_32_BIT_CONVERSION = YES;
				GCC_WARN_ABOUT_RETURN_TYPE = YES_ERROR;
				GCC_WARN_UNDECLARED_SELECTOR = YES;
				GCC_WARN_UNINITIALIZED_AUTOS = YES_AGGRESSIVE;
				GCC_WARN_UNUSED_FUNCTION = YES;
				GCC_WARN_UNUSED_VARIABLE = YES;
				IPHONEOS_DEPLOYMENT_TARGET = 13.4;
				MTL_ENABLE_DEBUG_INFO = INCLUDE_SOURCE;
				MTL_FAST_MATH = YES;
				ONLY_ACTIVE_ARCH = YES;
				SDKROOT = iphoneos;
				SWIFT_ACTIVE_COMPILATION_CONDITIONS = DEBUG;
				SWIFT_OPTIMIZATION_LEVEL = "-Onone";
			};
			name = Debug;
		};
		ACC43CFF245902DC00F89122 /* Release */ = {
			isa = XCBuildConfiguration;
			buildSettings = {
				ALWAYS_SEARCH_USER_PATHS = NO;
				CLANG_ANALYZER_NONNULL = YES;
				CLANG_ANALYZER_NUMBER_OBJECT_CONVERSION = YES_AGGRESSIVE;
				CLANG_CXX_LANGUAGE_STANDARD = "gnu++14";
				CLANG_CXX_LIBRARY = "libc++";
				CLANG_ENABLE_MODULES = YES;
				CLANG_ENABLE_OBJC_ARC = YES;
				CLANG_ENABLE_OBJC_WEAK = YES;
				CLANG_WARN_BLOCK_CAPTURE_AUTORELEASING = YES;
				CLANG_WARN_BOOL_CONVERSION = YES;
				CLANG_WARN_COMMA = YES;
				CLANG_WARN_CONSTANT_CONVERSION = YES;
				CLANG_WARN_DEPRECATED_OBJC_IMPLEMENTATIONS = YES;
				CLANG_WARN_DIRECT_OBJC_ISA_USAGE = YES_ERROR;
				CLANG_WARN_DOCUMENTATION_COMMENTS = YES;
				CLANG_WARN_EMPTY_BODY = YES;
				CLANG_WARN_ENUM_CONVERSION = YES;
				CLANG_WARN_INFINITE_RECURSION = YES;
				CLANG_WARN_INT_CONVERSION = YES;
				CLANG_WARN_NON_LITERAL_NULL_CONVERSION = YES;
				CLANG_WARN_OBJC_IMPLICIT_RETAIN_SELF = YES;
				CLANG_WARN_OBJC_LITERAL_CONVERSION = YES;
				CLANG_WARN_OBJC_ROOT_CLASS = YES_ERROR;
				CLANG_WARN_RANGE_LOOP_ANALYSIS = YES;
				CLANG_WARN_STRICT_PROTOTYPES = YES;
				CLANG_WARN_SUSPICIOUS_MOVE = YES;
				CLANG_WARN_UNGUARDED_AVAILABILITY = YES_AGGRESSIVE;
				CLANG_WARN_UNREACHABLE_CODE = YES;
				CLANG_WARN__DUPLICATE_METHOD_MATCH = YES;
				COPY_PHASE_STRIP = NO;
				DEBUG_INFORMATION_FORMAT = "dwarf-with-dsym";
				ENABLE_NS_ASSERTIONS = NO;
				ENABLE_STRICT_OBJC_MSGSEND = YES;
				GCC_C_LANGUAGE_STANDARD = gnu11;
				GCC_NO_COMMON_BLOCKS = YES;
				GCC_WARN_64_TO_32_BIT_CONVERSION = YES;
				GCC_WARN_ABOUT_RETURN_TYPE = YES_ERROR;
				GCC_WARN_UNDECLARED_SELECTOR = YES;
				GCC_WARN_UNINITIALIZED_AUTOS = YES_AGGRESSIVE;
				GCC_WARN_UNUSED_FUNCTION = YES;
				GCC_WARN_UNUSED_VARIABLE = YES;
				IPHONEOS_DEPLOYMENT_TARGET = 13.4;
				MTL_ENABLE_DEBUG_INFO = NO;
				MTL_FAST_MATH = YES;
				SDKROOT = iphoneos;
				SWIFT_COMPILATION_MODE = wholemodule;
				SWIFT_OPTIMIZATION_LEVEL = "-O";
				VALIDATE_PRODUCT = YES;
			};
			name = Release;
		};
		ACC43D01245902DC00F89122 /* Debug */ = {
			isa = XCBuildConfiguration;
			baseConfigurationReference = E72434D51572DB23BE4D848C /* Pods-ToDoWheel.debug.xcconfig */;
			buildSettings = {
				ASSETCATALOG_COMPILER_APPICON_NAME = AppIcon;
				CODE_SIGN_STYLE = Automatic;
				DEVELOPMENT_TEAM = X98D4GJJ83;
				INFOPLIST_FILE = ToDoWheel/Info.plist;
				IPHONEOS_DEPLOYMENT_TARGET = 13.0;
				LD_RUNPATH_SEARCH_PATHS = (
					"$(inherited)",
					"@executable_path/Frameworks",
				);
				PRODUCT_BUNDLE_IDENTIFIER = com.thinktankworkspaces.ToDoWheel;
				PRODUCT_NAME = "$(TARGET_NAME)";
				SWIFT_VERSION = 5.0;
				TARGETED_DEVICE_FAMILY = "1,2";
			};
			name = Debug;
		};
		ACC43D02245902DC00F89122 /* Release */ = {
			isa = XCBuildConfiguration;
			baseConfigurationReference = 1E013C6C03E0FBA9C437A0D8 /* Pods-ToDoWheel.release.xcconfig */;
			buildSettings = {
				ASSETCATALOG_COMPILER_APPICON_NAME = AppIcon;
				CODE_SIGN_ENTITLEMENTS = ToDoWheel/ToDoWheelRelease.entitlements;
				CODE_SIGN_STYLE = Automatic;
				DEVELOPMENT_TEAM = X98D4GJJ83;
				INFOPLIST_FILE = ToDoWheel/Info.plist;
				IPHONEOS_DEPLOYMENT_TARGET = 13.0;
				LD_RUNPATH_SEARCH_PATHS = (
					"$(inherited)",
					"@executable_path/Frameworks",
				);
				PRODUCT_BUNDLE_IDENTIFIER = com.thinktankworkspaces.ToDoWheel;
				PRODUCT_NAME = "$(TARGET_NAME)";
				SWIFT_VERSION = 5.0;
				TARGETED_DEVICE_FAMILY = "1,2";
			};
			name = Release;
		};
/* End XCBuildConfiguration section */

/* Begin XCConfigurationList section */
		ACC43CE4245902B200F89122 /* Build configuration list for PBXProject "ToDoWheel" */ = {
			isa = XCConfigurationList;
			buildConfigurations = (
				ACC43CFE245902DC00F89122 /* Debug */,
				ACC43CFF245902DC00F89122 /* Release */,
			);
			defaultConfigurationIsVisible = 0;
			defaultConfigurationName = Release;
		};
		ACC43D00245902DC00F89122 /* Build configuration list for PBXNativeTarget "ToDoWheel" */ = {
			isa = XCConfigurationList;
			buildConfigurations = (
				ACC43D01245902DC00F89122 /* Debug */,
				ACC43D02245902DC00F89122 /* Release */,
			);
			defaultConfigurationIsVisible = 0;
			defaultConfigurationName = Release;
		};
/* End XCConfigurationList section */

/* Begin XCVersionGroup section */
		ACC43CF5245902B300F89122 /* ToDoWheel.xcdatamodeld */ = {
			isa = XCVersionGroup;
			children = (
				ACC43CF6245902B300F89122 /* ToDoWheel.xcdatamodel */,
			);
			currentVersion = ACC43CF6245902B300F89122 /* ToDoWheel.xcdatamodel */;
			path = ToDoWheel.xcdatamodeld;
			sourceTree = "<group>";
			versionGroupType = wrapper.xcdatamodel;
		};
/* End XCVersionGroup section */
	};
	rootObject = ACC43CE1245902B200F89122 /* Project object */;
}
